
Microsoft Visual Studio Solution File, Format Version 12.00
# Visual Studio Version 16
VisualStudioVersion = 16.0.31205.134
MinimumVisualStudioVersion = 10.0.40219.1
Project("{2150E333-8FDC-42A3-9474-1A3956D46DE8}") = "Libraries", "Libraries", "{F046CE24-4091-4FE1-9A12-5F2CFCE08B9A}"
EndProject
Project("{2150E333-8FDC-42A3-9474-1A3956D46DE8}") = "WPF", "WPF", "{B31F7CA2-FC00-47FE-B9C5-3272CD09D6DC}"
EndProject
Project("{9A19103F-16F7-4668-BE54-9A1E7A4F7556}") = "Buckets.Common", "Libraries\Buckets.Common\Buckets.Common.csproj", "{C50F31A4-BB77-46DF-96AD-7E748CD1FEE9}"
EndProject
Project("{9A19103F-16F7-4668-BE54-9A1E7A4F7556}") = "Buckets.ViewModel", "Libraries\Buckets.ViewModel\Buckets.ViewModel.csproj", "{1A9D9762-A42C-4EB8-8BCE-89C6CCDC9566}"
EndProject
Project("{9A19103F-16F7-4668-BE54-9A1E7A4F7556}") = "Buckets.WPF", "WPF\Buckets.WPF\Buckets.WPF.csproj", "{827007F5-2136-4AC6-BFB2-BA2AF32829E5}"
EndProject
Project("{FAE04EC0-301F-11D3-BF4B-00C04F79EFBC}") = "BucketTests", "BucketTests\BucketTests.csproj", "{FE424572-469E-4F3B-9F98-76FF1B2E58A4}"
EndProject
Global
	GlobalSection(SolutionConfigurationPlatforms) = preSolution
		Debug|Any CPU = Debug|Any CPU
		Release|Any CPU = Release|Any CPU
	EndGlobalSection
	GlobalSection(ProjectConfigurationPlatforms) = postSolution
		{C50F31A4-BB77-46DF-96AD-7E748CD1FEE9}.Debug|Any CPU.ActiveCfg = Debug|Any CPU
		{C50F31A4-BB77-46DF-96AD-7E748CD1FEE9}.Debug|Any CPU.Build.0 = Debug|Any CPU
		{C50F31A4-BB77-46DF-96AD-7E748CD1FEE9}.Release|Any CPU.ActiveCfg = Release|Any CPU
		{C50F31A4-BB77-46DF-96AD-7E748CD1FEE9}.Release|Any CPU.Build.0 = Release|Any CPU
		{1A9D9762-A42C-4EB8-8BCE-89C6CCDC9566}.Debug|Any CPU.ActiveCfg = Debug|Any CPU
		{1A9D9762-A42C-4EB8-8BCE-89C6CCDC9566}.Debug|Any CPU.Build.0 = Debug|Any CPU
		{1A9D9762-A42C-4EB8-8BCE-89C6CCDC9566}.Release|Any CPU.ActiveCfg = Release|Any CPU
		{1A9D9762-A42C-4EB8-8BCE-89C6CCDC9566}.Release|Any CPU.Build.0 = Release|Any CPU
		{827007F5-2136-4AC6-BFB2-BA2AF32829E5}.Debug|Any CPU.ActiveCfg = Debug|Any CPU
		{827007F5-2136-4AC6-BFB2-BA2AF32829E5}.Debug|Any CPU.Build.0 = Debug|Any CPU
		{827007F5-2136-4AC6-BFB2-BA2AF32829E5}.Release|Any CPU.ActiveCfg = Release|Any CPU
		{827007F5-2136-4AC6-BFB2-BA2AF32829E5}.Release|Any CPU.Build.0 = Release|Any CPU
		{FE424572-469E-4F3B-9F98-76FF1B2E58A4}.Debug|Any CPU.ActiveCfg = Debug|Any CPU
		{FE424572-469E-4F3B-9F98-76FF1B2E58A4}.Debug|Any CPU.Build.0 = Debug|Any CPU
		{FE424572-469E-4F3B-9F98-76FF1B2E58A4}.Release|Any CPU.ActiveCfg = Release|Any CPU
		{FE424572-469E-4F3B-9F98-76FF1B2E58A4}.Release|Any CPU.Build.0 = Release|Any CPU
	EndGlobalSection
	GlobalSection(SolutionProperties) = preSolution
		HideSolutionNode = FALSE
	EndGlobalSection
	GlobalSection(NestedProjects) = preSolution
		{C50F31A4-BB77-46DF-96AD-7E748CD1FEE9} = {F046CE24-4091-4FE1-9A12-5F2CFCE08B9A}
		{1A9D9762-A42C-4EB8-8BCE-89C6CCDC9566} = {F046CE24-4091-4FE1-9A12-5F2CFCE08B9A}
		{827007F5-2136-4AC6-BFB2-BA2AF32829E5} = {B31F7CA2-FC00-47FE-B9C5-3272CD09D6DC}
	EndGlobalSection
	GlobalSection(ExtensibilityGlobals) = postSolution
		SolutionGuid = {DDE4EAF0-2F5F-456F-9763-5F1BBAFB069A}
	EndGlobalSection
EndGlobal
