
Microsoft Visual Studio Solution File, Format Version 12.00
# Visual Studio Version 16
VisualStudioVersion = 16.0.31205.134
MinimumVisualStudioVersion = 10.0.40219.1
Project("{9A19103F-16F7-4668-BE54-9A1E7A4F7556}") = "Buckets.Model", "Model\Buckets.Model.csproj", "{509DA113-F4A8-44AD-BB4E-97A8DEC3B5ED}"
EndProject
Project("{FAE04EC0-301F-11D3-BF4B-00C04F79EFBC}") = "Buckets.Console", "BucketsConsole\Buckets.Console.csproj", "{E3B23830-8FDB-4009-9D6B-6335C523CE17}"
EndProject
Project("{FAE04EC0-301F-11D3-BF4B-00C04F79EFBC}") = "Buckets.WPF", "Buckets.WPF\Buckets.WPF.csproj", "{66741AA5-365B-4EF2-81E1-DFF877C85A92}"
EndProject
Global
	GlobalSection(SolutionConfigurationPlatforms) = preSolution
		Debug|Any CPU = Debug|Any CPU
		Release|Any CPU = Release|Any CPU
	EndGlobalSection
	GlobalSection(ProjectConfigurationPlatforms) = postSolution
		{509DA113-F4A8-44AD-BB4E-97A8DEC3B5ED}.Debug|Any CPU.ActiveCfg = Debug|Any CPU
		{509DA113-F4A8-44AD-BB4E-97A8DEC3B5ED}.Debug|Any CPU.Build.0 = Debug|Any CPU
		{509DA113-F4A8-44AD-BB4E-97A8DEC3B5ED}.Release|Any CPU.ActiveCfg = Release|Any CPU
		{509DA113-F4A8-44AD-BB4E-97A8DEC3B5ED}.Release|Any CPU.Build.0 = Release|Any CPU
		{E3B23830-8FDB-4009-9D6B-6335C523CE17}.Debug|Any CPU.ActiveCfg = Debug|Any CPU
		{E3B23830-8FDB-4009-9D6B-6335C523CE17}.Debug|Any CPU.Build.0 = Debug|Any CPU
		{E3B23830-8FDB-4009-9D6B-6335C523CE17}.Release|Any CPU.ActiveCfg = Release|Any CPU
		{E3B23830-8FDB-4009-9D6B-6335C523CE17}.Release|Any CPU.Build.0 = Release|Any CPU
		{66741AA5-365B-4EF2-81E1-DFF877C85A92}.Debug|Any CPU.ActiveCfg = Debug|Any CPU
		{66741AA5-365B-4EF2-81E1-DFF877C85A92}.Debug|Any CPU.Build.0 = Debug|Any CPU
		{66741AA5-365B-4EF2-81E1-DFF877C85A92}.Release|Any CPU.ActiveCfg = Release|Any CPU
		{66741AA5-365B-4EF2-81E1-DFF877C85A92}.Release|Any CPU.Build.0 = Release|Any CPU
	EndGlobalSection
	GlobalSection(SolutionProperties) = preSolution
		HideSolutionNode = FALSE
	EndGlobalSection
	GlobalSection(ExtensibilityGlobals) = postSolution
		SolutionGuid = {DDE4EAF0-2F5F-456F-9763-5F1BBAFB069A}
	EndGlobalSection
EndGlobal
